
Microsoft Visual Studio Solution File, Format Version 12.00
# Visual Studio Version 17
VisualStudioVersion = 17.4.33110.190
MinimumVisualStudioVersion = 10.0.40219.1
Project("{FAE04EC0-301F-11D3-BF4B-00C04F79EFBC}") = "Los Santos RED", "Los Santos RED\Los Santos RED.csproj", "{2541830F-5D6E-4B6C-947C-90B760178BE2}"
EndProject
Project("{2150E333-8FDC-42A3-9474-1A3956D46DE8}") = "Solution Items", "Solution Items", "{F33C7CD9-9858-4F25-ADC7-94AB9293AB44}"
	ProjectSection(SolutionItems) = preProject
		.editorconfig = .editorconfig
	EndProjectSection
EndProject
Global
	GlobalSection(SolutionConfigurationPlatforms) = preSolution
		Debug|Any CPU = Debug|Any CPU
		Debug|x64 = Debug|x64
		Obfuscate|Any CPU = Obfuscate|Any CPU
		Obfuscate|x64 = Obfuscate|x64
		Release|Any CPU = Release|Any CPU
		Release|x64 = Release|x64
		Test|Any CPU = Test|Any CPU
		Test|x64 = Test|x64
	EndGlobalSection
	GlobalSection(ProjectConfigurationPlatforms) = postSolution
		{2541830F-5D6E-4B6C-947C-90B760178BE2}.Debug|Any CPU.ActiveCfg = Debug|Any CPU
		{2541830F-5D6E-4B6C-947C-90B760178BE2}.Debug|Any CPU.Build.0 = Debug|Any CPU
		{2541830F-5D6E-4B6C-947C-90B760178BE2}.Debug|x64.ActiveCfg = Debug|x64
		{2541830F-5D6E-4B6C-947C-90B760178BE2}.Debug|x64.Build.0 = Debug|x64
		{2541830F-5D6E-4B6C-947C-90B760178BE2}.Obfuscate|Any CPU.ActiveCfg = Obfuscate|Any CPU
		{2541830F-5D6E-4B6C-947C-90B760178BE2}.Obfuscate|Any CPU.Build.0 = Obfuscate|Any CPU
		{2541830F-5D6E-4B6C-947C-90B760178BE2}.Obfuscate|x64.ActiveCfg = Obfuscate|x64
		{2541830F-5D6E-4B6C-947C-90B760178BE2}.Obfuscate|x64.Build.0 = Obfuscate|x64
		{2541830F-5D6E-4B6C-947C-90B760178BE2}.Release|Any CPU.ActiveCfg = Release|Any CPU
		{2541830F-5D6E-4B6C-947C-90B760178BE2}.Release|Any CPU.Build.0 = Release|Any CPU
		{2541830F-5D6E-4B6C-947C-90B760178BE2}.Release|x64.ActiveCfg = Release|x64
		{2541830F-5D6E-4B6C-947C-90B760178BE2}.Release|x64.Build.0 = Release|x64
		{2541830F-5D6E-4B6C-947C-90B760178BE2}.Test|Any CPU.ActiveCfg = Test|Any CPU
		{2541830F-5D6E-4B6C-947C-90B760178BE2}.Test|Any CPU.Build.0 = Test|Any CPU
		{2541830F-5D6E-4B6C-947C-90B760178BE2}.Test|x64.ActiveCfg = Test|x64
		{2541830F-5D6E-4B6C-947C-90B760178BE2}.Test|x64.Build.0 = Test|x64
	EndGlobalSection
	GlobalSection(SolutionProperties) = preSolution
		HideSolutionNode = FALSE
	EndGlobalSection
	GlobalSection(ExtensibilityGlobals) = postSolution
		SolutionGuid = {AE666BB2-EF69-42C1-85A5-763CE5D5EE24}
	EndGlobalSection
EndGlobal
